{
  "name": "eleague",
  "version": "0.1.0",
  "lockfileVersion": 2,
  "requires": true,
  "packages": {
    "": {
      "name": "eleague",
      "version": "0.1.0",
      "dependencies": {
        "next": "^13.4.13"
      },
      "devDependencies": {
        "@types/react": "18.2.18",
        "typescript": "5.1.6"
      }
    },
    "node_modules/@next/env": {
      "version": "13.4.13",
      "license": "MIT"
    },
    "node_modules/@next/swc-darwin-arm64": {
      "version": "13.4.13",
      "resolved": "https://registry.npmjs.org/@next/swc-darwin-arm64/-/swc-darwin-arm64-13.4.13.tgz",
      "integrity": "sha512-ZptVhHjzUuivnXMNCJ6lER33HN7lC+rZ01z+PM10Ows21NHFYMvGhi5iXkGtBDk6VmtzsbqnAjnx4Oz5um0FjA==",
      "cpu": [
        "arm64"
      ],
      "optional": true,
      "os": [
        "darwin"
      ],
      "engines": {
        "node": ">= 10"
      }
    },
    "node_modules/@next/swc-darwin-x64": {
      "version": "13.4.13",
      "resolved": "https://registry.npmjs.org/@next/swc-darwin-x64/-/swc-darwin-x64-13.4.13.tgz",
      "integrity": "sha512-t9nTiWCLApw8W4G1kqJyYP7y6/7lyal3PftmRturIxAIBlZss9wrtVN8nci50StDHmIlIDxfguYIEGVr9DbFTg==",
      "cpu": [
        "x64"
      ],
      "optional": true,
      "os": [
        "darwin"
      ],
      "engines": {
        "node": ">= 10"
      }
    },
    "node_modules/@next/swc-linux-arm64-gnu": {
      "version": "13.4.13",
      "resolved": "https://registry.npmjs.org/@next/swc-linux-arm64-gnu/-/swc-linux-arm64-gnu-13.4.13.tgz",
      "integrity": "sha512-xEHUqC8eqR5DHe8SOmMnDU1K3ggrJ28uIKltrQAwqFSSSmzjnN/XMocZkcVhuncuxYrpbri0iMQstRyRVdQVWg==",
      "cpu": [
        "arm64"
      ],
      "optional": true,
      "os": [
        "linux"
      ],
      "engines": {
        "node": ">= 10"
      }
    },
    "node_modules/@next/swc-linux-arm64-musl": {
      "version": "13.4.13",
      "resolved": "https://registry.npmjs.org/@next/swc-linux-arm64-musl/-/swc-linux-arm64-musl-13.4.13.tgz",
      "integrity": "sha512-sNf3MnLAm8rquSSAoeD9nVcdaDeRYOeey4stOWOyWIgbBDtP+C93amSgH/LPTDoUV7gNiU6f+ghepTjTjRgIUQ==",
      "cpu": [
        "arm64"
      ],
      "optional": true,
      "os": [
        "linux"
      ],
      "engines": {
        "node": ">= 10"
      }
    },
    "node_modules/@next/swc-linux-x64-gnu": {
      "version": "13.4.13",
      "resolved": "https://registry.npmjs.org/@next/swc-linux-x64-gnu/-/swc-linux-x64-gnu-13.4.13.tgz",
      "integrity": "sha512-WhcRaJJSHyx9OWmKjjz+OWHumiPZWRqmM/09Bt7Up4UqUJFFhGExeztR4trtv3rflvULatu9IH/nTV8fUUgaMA==",
      "cpu": [
        "x64"
      ],
      "optional": true,
      "os": [
        "linux"
      ],
      "engines": {
        "node": ">= 10"
      }
    },
    "node_modules/@next/swc-linux-x64-musl": {
      "version": "13.4.13",
      "resolved": "https://registry.npmjs.org/@next/swc-linux-x64-musl/-/swc-linux-x64-musl-13.4.13.tgz",
      "integrity": "sha512-+Y4LLhOWWZQIDKVwr2R17lq2KSN0F1c30QVgGIWfnjjHpH8nrIWHEndhqYU+iFuW8It78CiJjQKTw4f51HD7jA==",
      "cpu": [
        "x64"
      ],
      "optional": true,
      "os": [
        "linux"
      ],
      "engines": {
        "node": ">= 10"
      }
    },
    "node_modules/@next/swc-win32-arm64-msvc": {
      "version": "13.4.13",
      "resolved": "https://registry.npmjs.org/@next/swc-win32-arm64-msvc/-/swc-win32-arm64-msvc-13.4.13.tgz",
      "integrity": "sha512-rWurdOR20uxjfqd1X9vDAgv0Jb26KjyL8akF9CBeFqX8rVaBAnW/Wf6A2gYEwyYY4Bai3T7p1kro6DFrsvBAAw==",
      "cpu": [
        "arm64"
      ],
      "optional": true,
      "os": [
        "win32"
      ],
      "engines": {
        "node": ">= 10"
      }
    },
    "node_modules/@next/swc-win32-ia32-msvc": {
      "version": "13.4.13",
      "resolved": "https://registry.npmjs.org/@next/swc-win32-ia32-msvc/-/swc-win32-ia32-msvc-13.4.13.tgz",
      "integrity": "sha512-E8bSPwRuY5ibJ3CzLQmJEt8qaWrPYuUTwnrwygPUEWoLzD5YRx9SD37oXRdU81TgGwDzCxpl7z5Nqlfk50xAog==",
      "cpu": [
        "ia32"
      ],
      "optional": true,
      "os": [
        "win32"
      ],
      "engines": {
        "node": ">= 10"
      }
    },
    "node_modules/@next/swc-win32-x64-msvc": {
      "version": "13.4.13",
      "cpu": [
        "x64"
      ],
      "license": "MIT",
      "optional": true,
      "os": [
        "win32"
      ],
      "engines": {
        "node": ">= 10"
      }
    },
    "node_modules/@swc/helpers": {
      "version": "0.5.1",
      "license": "Apache-2.0",
      "dependencies": {
        "tslib": "^2.4.0"
      }
    },
    "node_modules/@types/prop-types": {
      "version": "15.7.5",
      "resolved": "https://registry.npmjs.org/@types/prop-types/-/prop-types-15.7.5.tgz",
      "integrity": "sha512-JCB8C6SnDoQf0cNycqd/35A7MjcnK+ZTqE7judS6o7utxUCg6imJg3QK2qzHKszlTjcj2cn+NwMB2i96ubpj7w==",
      "dev": true
    },
    "node_modules/@types/react": {
      "version": "18.2.18",
      "resolved": "https://registry.npmjs.org/@types/react/-/react-18.2.18.tgz",
      "integrity": "sha512-da4NTSeBv/P34xoZPhtcLkmZuJ+oYaCxHmyHzwaDQo9RQPBeXV+06gEk2FpqEcsX9XrnNLvRpVh6bdavDSjtiQ==",
      "dev": true,
      "dependencies": {
        "@types/prop-types": "*",
        "@types/scheduler": "*",
        "csstype": "^3.0.2"
      }
    },
    "node_modules/@types/scheduler": {
      "version": "0.16.3",
      "resolved": "https://registry.npmjs.org/@types/scheduler/-/scheduler-0.16.3.tgz",
      "integrity": "sha512-5cJ8CB4yAx7BH1oMvdU0Jh9lrEXyPkar6F9G/ERswkCuvP4KQZfZkSjcMbAICCpQTN4OuZn8tz0HiKv9TGZgrQ==",
      "dev": true
    },
    "node_modules/busboy": {
      "version": "1.6.0",
      "dependencies": {
        "streamsearch": "^1.1.0"
      },
      "engines": {
        "node": ">=10.16.0"
      }
    },
    "node_modules/caniuse-lite": {
      "version": "1.0.30001519",
      "funding": [
        {
          "type": "opencollective",
          "url": "https://opencollective.com/browserslist"
        },
        {
          "type": "tidelift",
          "url": "https://tidelift.com/funding/github/npm/caniuse-lite"
        },
        {
          "type": "github",
          "url": "https://github.com/sponsors/ai"
        }
      ],
      "license": "CC-BY-4.0"
    },
    "node_modules/client-only": {
      "version": "0.0.1",
      "license": "MIT"
    },
    "node_modules/csstype": {
      "version": "3.1.2",
      "resolved": "https://registry.npmjs.org/csstype/-/csstype-3.1.2.tgz",
      "integrity": "sha512-I7K1Uu0MBPzaFKg4nI5Q7Vs2t+3gWWW648spaF+Rg7pI9ds18Ugn+lvg4SHczUdKlHI5LWBXyqfS8+DufyBsgQ==",
      "dev": true
    },
    "node_modules/glob-to-regexp": {
      "version": "0.4.1",
      "license": "BSD-2-Clause"
    },
    "node_modules/graceful-fs": {
      "version": "4.2.11",
      "license": "ISC"
    },
    "node_modules/js-tokens": {
      "version": "4.0.0",
      "license": "MIT",
      "peer": true
    },
    "node_modules/loose-envify": {
      "version": "1.4.0",
      "license": "MIT",
      "peer": true,
      "dependencies": {
        "js-tokens": "^3.0.0 || ^4.0.0"
      },
      "bin": {
        "loose-envify": "cli.js"
      }
    },
    "node_modules/nanoid": {
      "version": "3.3.6",
      "funding": [
        {
          "type": "github",
          "url": "https://github.com/sponsors/ai"
        }
      ],
      "license": "MIT",
      "bin": {
        "nanoid": "bin/nanoid.cjs"
      },
      "engines": {
        "node": "^10 || ^12 || ^13.7 || ^14 || >=15.0.1"
      }
    },
    "node_modules/next": {
      "version": "13.4.13",
      "resolved": "https://registry.npmjs.org/next/-/next-13.4.13.tgz",
      "integrity": "sha512-A3YVbVDNeXLhWsZ8Nf6IkxmNlmTNz0yVg186NJ97tGZqPDdPzTrHotJ+A1cuJm2XfuWPrKOUZILl5iBQkIf8Jw==",
      "dependencies": {
        "@next/env": "13.4.13",
        "@swc/helpers": "0.5.1",
        "busboy": "1.6.0",
        "caniuse-lite": "^1.0.30001406",
        "postcss": "8.4.14",
        "styled-jsx": "5.1.1",
        "watchpack": "2.4.0",
        "zod": "3.21.4"
      },
      "bin": {
        "next": "dist/bin/next"
      },
      "engines": {
        "node": ">=16.8.0"
      },
      "optionalDependencies": {
        "@next/swc-darwin-arm64": "13.4.13",
        "@next/swc-darwin-x64": "13.4.13",
        "@next/swc-linux-arm64-gnu": "13.4.13",
        "@next/swc-linux-arm64-musl": "13.4.13",
        "@next/swc-linux-x64-gnu": "13.4.13",
        "@next/swc-linux-x64-musl": "13.4.13",
        "@next/swc-win32-arm64-msvc": "13.4.13",
        "@next/swc-win32-ia32-msvc": "13.4.13",
        "@next/swc-win32-x64-msvc": "13.4.13"
      },
      "peerDependencies": {
        "@opentelemetry/api": "^1.1.0",
        "react": "^18.2.0",
        "react-dom": "^18.2.0",
        "sass": "^1.3.0"
      },
      "peerDependenciesMeta": {
        "@opentelemetry/api": {
          "optional": true
        },
        "sass": {
          "optional": true
        }
      }
    },
    "node_modules/picocolors": {
      "version": "1.0.0",
      "license": "ISC"
    },
    "node_modules/postcss": {
      "version": "8.4.14",
      "funding": [
        {
          "type": "opencollective",
          "url": "https://opencollective.com/postcss/"
        },
        {
          "type": "tidelift",
          "url": "https://tidelift.com/funding/github/npm/postcss"
        }
      ],
      "license": "MIT",
      "dependencies": {
        "nanoid": "^3.3.4",
        "picocolors": "^1.0.0",
        "source-map-js": "^1.0.2"
      },
      "engines": {
        "node": "^10 || ^12 || >=14"
      }
    },
    "node_modules/react": {
      "version": "18.2.0",
      "license": "MIT",
      "peer": true,
      "dependencies": {
        "loose-envify": "^1.1.0"
      },
      "engines": {
        "node": ">=0.10.0"
      }
    },
    "node_modules/react-dom": {
      "version": "18.2.0",
      "resolved": "https://registry.npmjs.org/react-dom/-/react-dom-18.2.0.tgz",
      "integrity": "sha512-6IMTriUmvsjHUjNtEDudZfuDQUoWXVxKHhlEGSk81n4YFS+r/Kl99wXiwlVXtPBtJenozv2P+hxDsw9eA7Xo6g==",
      "peer": true,
      "dependencies": {
        "loose-envify": "^1.1.0",
        "scheduler": "^0.23.0"
      },
      "peerDependencies": {
        "react": "^18.2.0"
      }
    },
    "node_modules/scheduler": {
      "version": "0.23.0",
      "license": "MIT",
      "peer": true,
      "dependencies": {
        "loose-envify": "^1.1.0"
      }
    },
    "node_modules/source-map-js": {
      "version": "1.0.2",
      "license": "BSD-3-Clause",
      "engines": {
        "node": ">=0.10.0"
      }
    },
    "node_modules/streamsearch": {
      "version": "1.1.0",
      "engines": {
        "node": ">=10.0.0"
      }
    },
    "node_modules/styled-jsx": {
      "version": "5.1.1",
      "license": "MIT",
      "dependencies": {
        "client-only": "0.0.1"
      },
      "engines": {
        "node": ">= 12.0.0"
      },
      "peerDependencies": {
        "react": ">= 16.8.0 || 17.x.x || ^18.0.0-0"
      },
      "peerDependenciesMeta": {
        "@babel/core": {
          "optional": true
        },
        "babel-plugin-macros": {
          "optional": true
        }
      }
    },
    "node_modules/tslib": {
      "version": "2.6.1",
      "license": "0BSD"
    },
    "node_modules/typescript": {
      "version": "5.1.6",
      "resolved": "https://registry.npmjs.org/typescript/-/typescript-5.1.6.tgz",
      "integrity": "sha512-zaWCozRZ6DLEWAWFrVDz1H6FVXzUSfTy5FUMWsQlU8Ym5JP9eO4xkTIROFCQvhQf61z6O/G6ugw3SgAnvvm+HA==",
      "dev": true,
      "bin": {
        "tsc": "bin/tsc",
        "tsserver": "bin/tsserver"
      },
      "engines": {
        "node": ">=14.17"
      }
    },
    "node_modules/watchpack": {
      "version": "2.4.0",
      "license": "MIT",
      "dependencies": {
        "glob-to-regexp": "^0.4.1",
        "graceful-fs": "^4.1.2"
      },
      "engines": {
        "node": ">=10.13.0"
      }
    },
    "node_modules/zod": {
      "version": "3.21.4",
      "license": "MIT",
      "funding": {
        "url": "https://github.com/sponsors/colinhacks"
      }
    }
  },
  "dependencies": {
    "@next/env": {
      "version": "13.4.13"
    },
    "@next/swc-darwin-arm64": {
      "version": "13.4.13",
      "resolved": "https://registry.npmjs.org/@next/swc-darwin-arm64/-/swc-darwin-arm64-13.4.13.tgz",
      "integrity": "sha512-ZptVhHjzUuivnXMNCJ6lER33HN7lC+rZ01z+PM10Ows21NHFYMvGhi5iXkGtBDk6VmtzsbqnAjnx4Oz5um0FjA==",
      "optional": true
    },
    "@next/swc-darwin-x64": {
      "version": "13.4.13",
      "resolved": "https://registry.npmjs.org/@next/swc-darwin-x64/-/swc-darwin-x64-13.4.13.tgz",
      "integrity": "sha512-t9nTiWCLApw8W4G1kqJyYP7y6/7lyal3PftmRturIxAIBlZss9wrtVN8nci50StDHmIlIDxfguYIEGVr9DbFTg==",
      "optional": true
    },
    "@next/swc-linux-arm64-gnu": {
      "version": "13.4.13",
      "resolved": "https://registry.npmjs.org/@next/swc-linux-arm64-gnu/-/swc-linux-arm64-gnu-13.4.13.tgz",
      "integrity": "sha512-xEHUqC8eqR5DHe8SOmMnDU1K3ggrJ28uIKltrQAwqFSSSmzjnN/XMocZkcVhuncuxYrpbri0iMQstRyRVdQVWg==",
      "optional": true
    },
    "@next/swc-linux-arm64-musl": {
      "version": "13.4.13",
      "resolved": "https://registry.npmjs.org/@next/swc-linux-arm64-musl/-/swc-linux-arm64-musl-13.4.13.tgz",
      "integrity": "sha512-sNf3MnLAm8rquSSAoeD9nVcdaDeRYOeey4stOWOyWIgbBDtP+C93amSgH/LPTDoUV7gNiU6f+ghepTjTjRgIUQ==",
      "optional": true
    },
    "@next/swc-linux-x64-gnu": {
      "version": "13.4.13",
      "resolved": "https://registry.npmjs.org/@next/swc-linux-x64-gnu/-/swc-linux-x64-gnu-13.4.13.tgz",
      "integrity": "sha512-WhcRaJJSHyx9OWmKjjz+OWHumiPZWRqmM/09Bt7Up4UqUJFFhGExeztR4trtv3rflvULatu9IH/nTV8fUUgaMA==",
      "optional": true
    },
    "@next/swc-linux-x64-musl": {
      "version": "13.4.13",
      "resolved": "https://registry.npmjs.org/@next/swc-linux-x64-musl/-/swc-linux-x64-musl-13.4.13.tgz",
      "integrity": "sha512-+Y4LLhOWWZQIDKVwr2R17lq2KSN0F1c30QVgGIWfnjjHpH8nrIWHEndhqYU+iFuW8It78CiJjQKTw4f51HD7jA==",
      "optional": true
    },
    "@next/swc-win32-arm64-msvc": {
      "version": "13.4.13",
      "resolved": "https://registry.npmjs.org/@next/swc-win32-arm64-msvc/-/swc-win32-arm64-msvc-13.4.13.tgz",
      "integrity": "sha512-rWurdOR20uxjfqd1X9vDAgv0Jb26KjyL8akF9CBeFqX8rVaBAnW/Wf6A2gYEwyYY4Bai3T7p1kro6DFrsvBAAw==",
      "optional": true
    },
    "@next/swc-win32-ia32-msvc": {
      "version": "13.4.13",
      "resolved": "https://registry.npmjs.org/@next/swc-win32-ia32-msvc/-/swc-win32-ia32-msvc-13.4.13.tgz",
      "integrity": "sha512-E8bSPwRuY5ibJ3CzLQmJEt8qaWrPYuUTwnrwygPUEWoLzD5YRx9SD37oXRdU81TgGwDzCxpl7z5Nqlfk50xAog==",
      "optional": true
    },
    "@next/swc-win32-x64-msvc": {
      "version": "13.4.13",
      "optional": true
    },
    "@swc/helpers": {
      "version": "0.5.1",
      "requires": {
        "tslib": "^2.4.0"
      }
    },
    "@types/prop-types": {
      "version": "15.7.5",
      "resolved": "https://registry.npmjs.org/@types/prop-types/-/prop-types-15.7.5.tgz",
      "integrity": "sha512-JCB8C6SnDoQf0cNycqd/35A7MjcnK+ZTqE7judS6o7utxUCg6imJg3QK2qzHKszlTjcj2cn+NwMB2i96ubpj7w==",
      "dev": true
    },
    "@types/react": {
      "version": "18.2.18",
      "resolved": "https://registry.npmjs.org/@types/react/-/react-18.2.18.tgz",
      "integrity": "sha512-da4NTSeBv/P34xoZPhtcLkmZuJ+oYaCxHmyHzwaDQo9RQPBeXV+06gEk2FpqEcsX9XrnNLvRpVh6bdavDSjtiQ==",
      "dev": true,
      "requires": {
        "@types/prop-types": "*",
        "@types/scheduler": "*",
        "csstype": "^3.0.2"
      }
    },
    "@types/scheduler": {
      "version": "0.16.3",
      "resolved": "https://registry.npmjs.org/@types/scheduler/-/scheduler-0.16.3.tgz",
      "integrity": "sha512-5cJ8CB4yAx7BH1oMvdU0Jh9lrEXyPkar6F9G/ERswkCuvP4KQZfZkSjcMbAICCpQTN4OuZn8tz0HiKv9TGZgrQ==",
      "dev": true
    },
    "busboy": {
      "version": "1.6.0",
      "requires": {
        "streamsearch": "^1.1.0"
      }
    },
    "caniuse-lite": {
      "version": "1.0.30001519"
    },
    "client-only": {
      "version": "0.0.1"
    },
    "csstype": {
      "version": "3.1.2",
      "resolved": "https://registry.npmjs.org/csstype/-/csstype-3.1.2.tgz",
      "integrity": "sha512-I7K1Uu0MBPzaFKg4nI5Q7Vs2t+3gWWW648spaF+Rg7pI9ds18Ugn+lvg4SHczUdKlHI5LWBXyqfS8+DufyBsgQ==",
      "dev": true
    },
    "glob-to-regexp": {
      "version": "0.4.1"
    },
    "graceful-fs": {
      "version": "4.2.11"
    },
    "js-tokens": {
      "version": "4.0.0",
      "peer": true
    },
    "loose-envify": {
      "version": "1.4.0",
      "peer": true,
      "requires": {
        "js-tokens": "^3.0.0 || ^4.0.0"
      }
    },
    "nanoid": {
      "version": "3.3.6"
    },
    "next": {
      "version": "13.4.13",
      "resolved": "https://registry.npmjs.org/next/-/next-13.4.13.tgz",
      "integrity": "sha512-A3YVbVDNeXLhWsZ8Nf6IkxmNlmTNz0yVg186NJ97tGZqPDdPzTrHotJ+A1cuJm2XfuWPrKOUZILl5iBQkIf8Jw==",
      "requires": {
        "@next/env": "13.4.13",
        "@next/swc-darwin-arm64": "13.4.13",
        "@next/swc-darwin-x64": "13.4.13",
        "@next/swc-linux-arm64-gnu": "13.4.13",
        "@next/swc-linux-arm64-musl": "13.4.13",
        "@next/swc-linux-x64-gnu": "13.4.13",
        "@next/swc-linux-x64-musl": "13.4.13",
        "@next/swc-win32-arm64-msvc": "13.4.13",
        "@next/swc-win32-ia32-msvc": "13.4.13",
        "@next/swc-win32-x64-msvc": "13.4.13",
        "@swc/helpers": "0.5.1",
        "busboy": "1.6.0",
        "caniuse-lite": "^1.0.30001406",
        "postcss": "8.4.14",
        "styled-jsx": "5.1.1",
        "watchpack": "2.4.0",
        "zod": "3.21.4"
      }
    },
    "picocolors": {
      "version": "1.0.0"
    },
    "postcss": {
      "version": "8.4.14",
      "requires": {
        "nanoid": "^3.3.4",
        "picocolors": "^1.0.0",
        "source-map-js": "^1.0.2"
      }
    },
    "react": {
      "version": "18.2.0",
      "peer": true,
      "requires": {
        "loose-envify": "^1.1.0"
      }
    },
    "react-dom": {
      "version": "18.2.0",
      "resolved": "https://registry.npmjs.org/react-dom/-/react-dom-18.2.0.tgz",
      "integrity": "sha512-6IMTriUmvsjHUjNtEDudZfuDQUoWXVxKHhlEGSk81n4YFS+r/Kl99wXiwlVXtPBtJenozv2P+hxDsw9eA7Xo6g==",
      "peer": true,
      "requires": {
        "loose-envify": "^1.1.0",
        "scheduler": "^0.23.0"
      }
    },
    "scheduler": {
      "version": "0.23.0",
      "peer": true,
      "requires": {
        "loose-envify": "^1.1.0"
      }
    },
    "source-map-js": {
      "version": "1.0.2"
    },
    "streamsearch": {
      "version": "1.1.0"
    },
    "styled-jsx": {
      "version": "5.1.1",
      "requires": {
        "client-only": "0.0.1"
      }
    },
    "tslib": {
      "version": "2.6.1"
    },
    "typescript": {
      "version": "5.1.6",
      "resolved": "https://registry.npmjs.org/typescript/-/typescript-5.1.6.tgz",
      "integrity": "sha512-zaWCozRZ6DLEWAWFrVDz1H6FVXzUSfTy5FUMWsQlU8Ym5JP9eO4xkTIROFCQvhQf61z6O/G6ugw3SgAnvvm+HA==",
      "dev": true
    },
    "watchpack": {
      "version": "2.4.0",
      "requires": {
        "glob-to-regexp": "^0.4.1",
        "graceful-fs": "^4.1.2"
      }
    },
    "zod": {
      "version": "3.21.4"
    }
  }
}
